# THIS IS AN AUTOGENERATED FILE. DO NOT EDIT THIS FILE DIRECTLY.
# yarn lockfile v1


"@bcoe/v8-coverage@^0.2.3":
  version "0.2.3"
  resolved "https://registry.yarnpkg.com/@bcoe/v8-coverage/-/v8-coverage-0.2.3.tgz#75a2e8b51cb758a7553d6804a5932d7aace75c39"
  integrity sha512-0hYQ8SB4Db5zvZB4axdMHGwEaQjkZzFjQiN9LVYvIFB2nSUHW9tYpxWriPrWDASIxiaXax83REcLxuSdnGPZtw==

"@biomejs/biome@1.7.2":
  version "1.7.2"
  resolved "https://registry.yarnpkg.com/@biomejs/biome/-/biome-1.7.2.tgz#982ca58428aecd9e85c1af7fa656f60615181235"
  integrity sha512-6Skx9N47inLQzYi9RKgJ7PBnUnaHnMe/imqX43cOcJjZtfMnQLxEvfM2Eyo7gChkwrZlwc+VbA4huFRjw2fsYA==
  optionalDependencies:
    "@biomejs/cli-darwin-arm64" "1.7.2"
    "@biomejs/cli-darwin-x64" "1.7.2"
    "@biomejs/cli-linux-arm64" "1.7.2"
    "@biomejs/cli-linux-arm64-musl" "1.7.2"
    "@biomejs/cli-linux-x64" "1.7.2"
    "@biomejs/cli-linux-x64-musl" "1.7.2"
    "@biomejs/cli-win32-arm64" "1.7.2"
    "@biomejs/cli-win32-x64" "1.7.2"

"@biomejs/cli-darwin-arm64@1.7.2":
  version "1.7.2"
  resolved "https://registry.yarnpkg.com/@biomejs/cli-darwin-arm64/-/cli-darwin-arm64-1.7.2.tgz#2beabb95f62a5c46101ca842adea539cd760b922"
  integrity sha512-CrldIueHivWEWmeTkK8bTXajeX53F8i2Rrkkt8cPZyMtzkrwxf8Riq4a/jz3SQBHkxHFT4TqGbSTNMXe3X1ogA==

"@biomejs/cli-darwin-x64@1.7.2":
  version "1.7.2"
  resolved "https://registry.yarnpkg.com/@biomejs/cli-darwin-x64/-/cli-darwin-x64-1.7.2.tgz#538473a0112d84357433750a9c2189347f9325b4"
  integrity sha512-UELnLJuJOsTL9meArvn8BtiXDURyPil2Ej9me2uVpEvee8UQdqd/bssP5we400OWShlL1AAML4fn6d2WX5332g==

"@biomejs/cli-linux-arm64-musl@1.7.2":
  version "1.7.2"
  resolved "https://registry.yarnpkg.com/@biomejs/cli-linux-arm64-musl/-/cli-linux-arm64-musl-1.7.2.tgz#a990e735d5f33bfc8eaea8fbc53db215d7f69948"
  integrity sha512-kKYZiem7Sj7wI0dpVxJlK7C+TFQwzO/ctufIGXGJAyEmUe9vEKSzV8CXpv+JIRiTWyqaZJ4K+eHz4SPdPCv05w==

"@biomejs/cli-linux-arm64@1.7.2":
  version "1.7.2"
  resolved "https://registry.yarnpkg.com/@biomejs/cli-linux-arm64/-/cli-linux-arm64-1.7.2.tgz#0f8186dd4a807d273c14659e859d8d86c24fb948"
  integrity sha512-Z1CSGQE6fHz55gkiFHv9E8wEAaSUd7dHSRaxSCBa7utonHqpIeMbvj3Evm1w0WfGLFDtRXLV1fTfEdM0FMTOhA==

"@biomejs/cli-linux-x64-musl@1.7.2":
  version "1.7.2"
  resolved "https://registry.yarnpkg.com/@biomejs/cli-linux-x64-musl/-/cli-linux-x64-musl-1.7.2.tgz#2f9d5715d4a02bd4644bab9ed7f7680229ba8303"
  integrity sha512-x10LpGMepDrLS+h2TZ6/T7egpHjGKtiI4GuShNylmBQJWfTotbFf9eseHggrqJ4WZf9yrGoVYrtbxXftuB95sQ==

"@biomejs/cli-linux-x64@1.7.2":
  version "1.7.2"
  resolved "https://registry.yarnpkg.com/@biomejs/cli-linux-x64/-/cli-linux-x64-1.7.2.tgz#0071ea5a25f5ec5bbc1b3e6984a454bd198fbd6f"
  integrity sha512-vXXyox8/CQijBxAu0+r8FfSO7JlC4tob3PbaFda8gPJFRz2uFJw39HtxVUwbTV1EcU6wSPh4SiRu5sZfP1VHrQ==

"@biomejs/cli-win32-arm64@1.7.2":
  version "1.7.2"
  resolved "https://registry.yarnpkg.com/@biomejs/cli-win32-arm64/-/cli-win32-arm64-1.7.2.tgz#baa561b05c30ea22c9308f63161ddf63a6baa781"
  integrity sha512-kRXdlKzcU7INf6/ldu0nVmkOgt7bKqmyXRRCUqqaJfA32+9InTbkD8tGrHZEVYIWr+eTuKcg16qZVDsPSDFZ8g==

"@biomejs/cli-win32-x64@1.7.2":
  version "1.7.2"
  resolved "https://registry.yarnpkg.com/@biomejs/cli-win32-x64/-/cli-win32-x64-1.7.2.tgz#cc13738545ea4a6bc4fee0bf0108a0e90dc1e173"
  integrity sha512-qHTtpAs+CNglAAuaTy09htoqUhrQyd3nd0aGTuLNqD10h1llMVi8WFZfoa+e5MuDSfYtMK6nW2Tbf6WgzzR1Qw==

"@istanbuljs/schema@^0.1.2", "@istanbuljs/schema@^0.1.3":
  version "0.1.3"
  resolved "https://registry.yarnpkg.com/@istanbuljs/schema/-/schema-0.1.3.tgz#e45e384e4b8ec16bce2fd903af78450f6bf7ec98"
  integrity sha512-ZXRY4jNvVgSVQ8DL3LTcakaAtXwTVUxE81hslsyD2AtoXW/wVob10HkOJ1X/pAlcI7D+2YoZKg5do8G/w6RYgA==

"@jridgewell/resolve-uri@^3.1.0":
  version "3.1.2"
  resolved "https://registry.yarnpkg.com/@jridgewell/resolve-uri/-/resolve-uri-3.1.2.tgz#7a0ee601f60f99a20c7c7c5ff0c80388c1189bd6"
  integrity sha512-bRISgCIjP20/tbWSPWMEi54QVPRZExkuD9lJL+UIxUKtwVJA8wW1Trb1jMs1RFXo1CBTNZ/5hpC9QvmKWdopKw==

"@jridgewell/sourcemap-codec@^1.4.14":
  version "1.4.15"
  resolved "https://registry.yarnpkg.com/@jridgewell/sourcemap-codec/-/sourcemap-codec-1.4.15.tgz#d7c6e6755c78567a951e04ab52ef0fd26de59f32"
  integrity sha512-eF2rxCRulEKXHTRiDrDy6erMYWqNw4LPdQ8UQA4huuxaQsVeRPFl2oM8oDGxMFhJUWZf9McpLtJasDDZb/Bpeg==

"@jridgewell/trace-mapping@^0.3.12":
  version "0.3.25"
  resolved "https://registry.yarnpkg.com/@jridgewell/trace-mapping/-/trace-mapping-0.3.25.tgz#15f190e98895f3fc23276ee14bc76b675c2e50f0"
  integrity sha512-vNk6aEwybGtawWmy/PzwnGDOjCkLWSD2wqvjGGAgOAwCGWySYXfYoxt00IJkTF+8Lb57DwOb3Aa0o9CApepiYQ==
  dependencies:
    "@jridgewell/resolve-uri" "^3.1.0"
    "@jridgewell/sourcemap-codec" "^1.4.14"

"@types/istanbul-lib-coverage@^2.0.1":
  version "2.0.6"
  resolved "https://registry.yarnpkg.com/@types/istanbul-lib-coverage/-/istanbul-lib-coverage-2.0.6.tgz#7739c232a1fee9b4d3ce8985f314c0c6d33549d7"
  integrity sha512-2QF/t/auWm0lsy8XtKVPG19v3sSOQlJe/YHZgfjb/KBBHOGSV+J2q/S671rcq9uTBrLAXmZpqJiaQbMT+zNU1w==

ajv@^8.0.1:
  version "8.13.0"
  resolved "https://registry.yarnpkg.com/ajv/-/ajv-8.13.0.tgz#a3939eaec9fb80d217ddf0c3376948c023f28c91"
  integrity sha512-PRA911Blj99jR5RMeTunVbNXMF6Lp4vZXnk5GQjcnUWUTsrXtekg/pnmFFI2u/I36Y/2bITGS30GZCXei6uNkA==
  dependencies:
    fast-deep-equal "^3.1.3"
    json-schema-traverse "^1.0.0"
    require-from-string "^2.0.2"
    uri-js "^4.4.1"

ansi-regex@^5.0.1:
  version "5.0.1"
  resolved "https://registry.yarnpkg.com/ansi-regex/-/ansi-regex-5.0.1.tgz#082cb2c89c9fe8659a311a53bd6a4dc5301db304"
  integrity sha512-quJQXlTSUGL2LH9SUXo8VwsY4soanhgo6LNSm84E1LBcE8s3O0wpdiRzyR9z/ZZJMlMWv37qOOb9pdJlMUEKFQ==

ansi-styles@^4.0.0:
  version "4.3.0"
  resolved "https://registry.yarnpkg.com/ansi-styles/-/ansi-styles-4.3.0.tgz#edd803628ae71c04c85ae7a0906edad34b648937"
  integrity sha512-zbB9rCJAT1rbjiVDb2hqKFHNYLxgtk8NURxZ3IZwD3F6NtxbXZQCnnSi1Lkx+IDohdPlFp222wVALIheZJQSEg==
  dependencies:
    color-convert "^2.0.1"

astral-regex@^2.0.0:
  version "2.0.0"
  resolved "https://registry.yarnpkg.com/astral-regex/-/astral-regex-2.0.0.tgz#483143c567aeed4785759c0865786dc77d7d2e31"
  integrity sha512-Z7tMw1ytTXt5jqMcOP+OQteU1VuNK9Y02uuJtKQ1Sv69jXQKKg5cibLwGJow8yzZP+eAc18EmLGPal0bp36rvQ==

balanced-match@^1.0.0:
  version "1.0.2"
  resolved "https://registry.yarnpkg.com/balanced-match/-/balanced-match-1.0.2.tgz#e83e3a7e3f300b34cb9d87f615fa0cbf357690ee"
  integrity sha512-3oSeUO0TMV67hN1AmbXsK4yaqU7tjiHlbxRDZOpH0KW9+CeX4bRAaX0Anxt0tx2MrpRpWwQaPwIlISEJhYU5Pw==

brace-expansion@^1.1.7:
  version "1.1.11"
  resolved "https://registry.yarnpkg.com/brace-expansion/-/brace-expansion-1.1.11.tgz#3c7fcbf529d87226f3d2f52b966ff5271eb441dd"
  integrity sha512-iCuPHDFgrHX7H2vEI/5xpz07zSHB00TpugqhmYtVmMO6518mCuRMoOYFldEBl0g187ufozdaHgWKcYFb61qGiA==
  dependencies:
    balanced-match "^1.0.0"
    concat-map "0.0.1"

braces@^3.0.2:
  version "3.0.2"
  resolved "https://registry.yarnpkg.com/braces/-/braces-3.0.2.tgz#3454e1a462ee8d599e236df336cd9ea4f8afe107"
  integrity sha512-b8um+L1RzM3WDSzvhm6gIz1yfTbBt6YTlcEKAvsmqCZZFw46z626lVj9j1yEPW33H5H+lBQpZMP1k8l+78Ha0A==
  dependencies:
    fill-range "^7.0.1"

c8@^9.0.0:
  version "9.1.0"
  resolved "https://registry.yarnpkg.com/c8/-/c8-9.1.0.tgz#0e57ba3ab9e5960ab1d650b4a86f71e53cb68112"
  integrity sha512-mBWcT5iqNir1zIkzSPyI3NCR9EZCVI3WUD+AVO17MVWTSFNyUueXE82qTeampNtTr+ilN/5Ua3j24LgbCKjDVg==
  dependencies:
    "@bcoe/v8-coverage" "^0.2.3"
    "@istanbuljs/schema" "^0.1.3"
    find-up "^5.0.0"
    foreground-child "^3.1.1"
    istanbul-lib-coverage "^3.2.0"
    istanbul-lib-report "^3.0.1"
    istanbul-reports "^3.1.6"
    test-exclude "^6.0.0"
    v8-to-istanbul "^9.0.0"
    yargs "^17.7.2"
    yargs-parser "^21.1.1"

cache-manager-fs-hash@^2.0.0:
  version "2.0.0"
  resolved "https://registry.yarnpkg.com/cache-manager-fs-hash/-/cache-manager-fs-hash-2.0.0.tgz#daa422ffe689ef16d15c8e3fd47932c8afd14171"
  integrity sha512-w03tp8mvfglRUFtItCdC114rFyzk0umu5LnnRM5spnu2+Mj8/2PrDHCnaoPltto/2fK94fC/Kw2rHqBXqIEgTQ==
  dependencies:
    lockfile "^1.0.4"

cache-manager@^5.0.0:
  version "5.5.2"
  resolved "https://registry.yarnpkg.com/cache-manager/-/cache-manager-5.5.2.tgz#011f5e8ac9706291f1b1e326ac8bb3e81565965b"
  integrity sha512-HozSRPCBB26O1ZVIzX8GjauYMoZOpWcArqRIFlPKr+Mm3o+p/6VcHxRt8ia0F/tMwZdKxpHG0M+Am5Qh9FmfKw==
  dependencies:
    eventemitter3 "^5.0.1"
    lodash.clonedeep "^4.5.0"
    lru-cache "^10.2.2"
    promise-coalesce "^1.1.2"

cli-progress@^3.6.0:
  version "3.12.0"
  resolved "https://registry.yarnpkg.com/cli-progress/-/cli-progress-3.12.0.tgz#807ee14b66bcc086258e444ad0f19e7d42577942"
  integrity sha512-tRkV3HJ1ASwm19THiiLIXLO7Im7wlTuKnvkYaTkyoAPefqjNg7W7DHKUlGRxy9vxDvbyCYQkQozvptuMkGCg8A==
  dependencies:
    string-width "^4.2.3"

cliui@^8.0.1:
  version "8.0.1"
  resolved "https://registry.yarnpkg.com/cliui/-/cliui-8.0.1.tgz#0c04b075db02cbfe60dc8e6cf2f5486b1a3608aa"
  integrity sha512-BSeNnyus75C4//NQ9gQt1/csTXyo/8Sb+afLAkzAptFuMsod9HFokGNudZpi/oQV73hnVK+sR+5PVRMd+Dr7YQ==
  dependencies:
    string-width "^4.2.0"
    strip-ansi "^6.0.1"
    wrap-ansi "^7.0.0"

color-convert@^2.0.1:
  version "2.0.1"
  resolved "https://registry.yarnpkg.com/color-convert/-/color-convert-2.0.1.tgz#72d3a68d598c9bdb3af2ad1e84f21d896abd4de3"
  integrity sha512-RRECPsj7iu/xb5oKYcsFHSppFNnsj/52OVTRKb4zP5onXwVF3zVmmToNcOfGC+CRDpfK/U584fMg38ZHCaElKQ==
  dependencies:
    color-name "~1.1.4"

color-name@~1.1.4:
  version "1.1.4"
  resolved "https://registry.yarnpkg.com/color-name/-/color-name-1.1.4.tgz#c2a09a87acbde69543de6f63fa3995c826c536a2"
  integrity sha512-dOy+3AuW3a2wNbZHIuMZpTcgjGuLU/uBL/ubcZF9OXbDo8ff4O8yVp5Bf0efS8uEoYo5q4Fx7dY9OgQGXgAsQA==

colors@^1.4.0:
  version "1.4.0"
  resolved "https://registry.yarnpkg.com/colors/-/colors-1.4.0.tgz#c50491479d4c1bdaed2c9ced32cf7c7dc2360f78"
  integrity sha512-a+UqTh4kgZg/SlGvfbzDHpgRu7AAQOmmqRHJnxhRZICKFUT91brVhNNt58CMWU9PsBbv3PDCZUHbVxuDiH2mtA==

common-path-prefix@^3.0.0:
  version "3.0.0"
  resolved "https://registry.yarnpkg.com/common-path-prefix/-/common-path-prefix-3.0.0.tgz#7d007a7e07c58c4b4d5f433131a19141b29f11e0"
  integrity sha512-QE33hToZseCH3jS0qN96O/bSh3kaw/h+Tq7ngyY9eWDUnTlTNUyqfqvCXioLe5Na5jFsL78ra/wuBU4iuEgd4w==

concat-map@0.0.1:
  version "0.0.1"
  resolved "https://registry.yarnpkg.com/concat-map/-/concat-map-0.0.1.tgz#d8a96bd77fd68df7793a73036a3ba0d5405d477b"
  integrity sha512-/Srv4dswyQNBfohGpz9o6Yb3Gz3SrUDqBH5rTuhGR7ahtlbYKnVxw2bCFMRljaA7EXHaXZ8wsHdodFvbkhKmqg==

convert-source-map@^2.0.0:
  version "2.0.0"
  resolved "https://registry.yarnpkg.com/convert-source-map/-/convert-source-map-2.0.0.tgz#4b560f649fc4e918dd0ab75cf4961e8bc882d82a"
  integrity sha512-Kvp459HrV2FEJ1CAsi1Ku+MY3kasH19TFykTz2xWmMeq6bk2NU3XXvfJ+Q61m0xktWwt+1HSYf3JZsTms3aRJg==

cross-spawn@^7.0.0, cross-spawn@^7.0.3:
  version "7.0.3"
  resolved "https://registry.yarnpkg.com/cross-spawn/-/cross-spawn-7.0.3.tgz#f73a85b9d5d41d045551c177e2882d4ac85728a6"
  integrity sha512-iRDPJKUPVEND7dHPO8rkbOnPpyDygcDFtWjpeWNCgy8WP2rXcxXL8TskReQl6OrB2G7+UJrags1q15Fudc7G6w==
  dependencies:
    path-key "^3.1.0"
    shebang-command "^2.0.0"
    which "^2.0.1"

emoji-regex@^8.0.0:
  version "8.0.0"
  resolved "https://registry.yarnpkg.com/emoji-regex/-/emoji-regex-8.0.0.tgz#e818fd69ce5ccfcb404594f842963bf53164cc37"
  integrity sha512-MSjYzcWNOA0ewAHpz0MxpYFvwg6yjy1NG3xteoqz644VCo/RPgnr1/GGt+ic3iJTzQ8Eu3TdM14SawnVUmGE6A==

escalade@^3.1.1:
  version "3.1.2"
  resolved "https://registry.yarnpkg.com/escalade/-/escalade-3.1.2.tgz#54076e9ab29ea5bf3d8f1ed62acffbb88272df27"
  integrity sha512-ErCHMCae19vR8vQGe50xIsVomy19rg6gFu3+r3jkEO46suLMWBksvVyoGgQV+jOfl84ZSOSlmv6Gxa89PmTGmA==

eventemitter3@^5.0.1:
  version "5.0.1"
  resolved "https://registry.yarnpkg.com/eventemitter3/-/eventemitter3-5.0.1.tgz#53f5ffd0a492ac800721bb42c66b841de96423c4"
  integrity sha512-GWkBvjiSZK87ELrYOSESUYeVIc9mvLLf/nXalMOS5dYrgZq9o5OVkbZAVM06CVxYsCwH9BDZFPlQTlPA1j4ahA==

execa@^8.0.0:
  version "8.0.1"
  resolved "https://registry.yarnpkg.com/execa/-/execa-8.0.1.tgz#51f6a5943b580f963c3ca9c6321796db8cc39b8c"
  integrity sha512-VyhnebXciFV2DESc+p6B+y0LjSm0krU4OgJN44qFAhBY0TJ+1V61tYD2+wHusZ6F9n5K+vl8k0sTy7PEfV4qpg==
  dependencies:
    cross-spawn "^7.0.3"
    get-stream "^8.0.1"
    human-signals "^5.0.0"
    is-stream "^3.0.0"
    merge-stream "^2.0.0"
    npm-run-path "^5.1.0"
    onetime "^6.0.0"
    signal-exit "^4.1.0"
    strip-final-newline "^3.0.0"

fast-deep-equal@^3.1.3:
  version "3.1.3"
  resolved "https://registry.yarnpkg.com/fast-deep-equal/-/fast-deep-equal-3.1.3.tgz#3a7d56b559d6cbc3eb512325244e619a65c6c525"
  integrity sha512-f3qQ9oQy9j2AhBe/H9VC91wLmKBCCU/gDOnKNAYG5hswO7BLKj09Hc5HYNz9cGI++xlpDCIgDaitVs03ATR84Q==

fill-range@^7.0.1:
  version "7.0.1"
  resolved "https://registry.yarnpkg.com/fill-range/-/fill-range-7.0.1.tgz#1919a6a7c75fe38b2c7c77e5198535da9acdda40"
  integrity sha512-qOo9F+dMUmC2Lcb4BbVvnKJxTPjCm+RRpe4gDuGrzkL7mEVl/djYSu2OdQ2Pa302N4oqkSg9ir6jaLWJ2USVpQ==
  dependencies:
    to-regex-range "^5.0.1"

find-cache-dir@^5.0.0:
  version "5.0.0"
  resolved "https://registry.yarnpkg.com/find-cache-dir/-/find-cache-dir-5.0.0.tgz#69d1a9b77bbe39aea078dbede99d277a170d3079"
  integrity sha512-OuWNfjfP05JcpAP3JPgAKUhWefjMRfI5iAoSsvE24ANYWJaepAtlSgWECSVEuRgSXpyNEc9DJwG/TZpgcOqyig==
  dependencies:
    common-path-prefix "^3.0.0"
    pkg-dir "^7.0.0"

find-up@^5.0.0:
  version "5.0.0"
  resolved "https://registry.yarnpkg.com/find-up/-/find-up-5.0.0.tgz#4c92819ecb7083561e4f4a240a86be5198f536fc"
  integrity sha512-78/PXT1wlLLDgTzDs7sjq9hzz0vXD+zn+7wypEe4fXQxCmdmqfGsEPQxmiCSQI3ajFV91bVSsvNtrJRiW6nGng==
  dependencies:
    locate-path "^6.0.0"
    path-exists "^4.0.0"

find-up@^6.3.0:
  version "6.3.0"
  resolved "https://registry.yarnpkg.com/find-up/-/find-up-6.3.0.tgz#2abab3d3280b2dc7ac10199ef324c4e002c8c790"
  integrity sha512-v2ZsoEuVHYy8ZIlYqwPe/39Cy+cFDzp4dXPaxNvkEuouymu+2Jbz0PxpKarJHYJTmv2HWT3O382qY8l4jMWthw==
  dependencies:
    locate-path "^7.1.0"
    path-exists "^5.0.0"

foreground-child@^3.1.1:
  version "3.1.1"
  resolved "https://registry.yarnpkg.com/foreground-child/-/foreground-child-3.1.1.tgz#1d173e776d75d2772fed08efe4a0de1ea1b12d0d"
  integrity sha512-TMKDUnIte6bfb5nWv7V/caI169OHgvwjb7V4WkeUvbQQdjr5rWKqHFiKWb/fcOwB+CzBT+qbWjvj+DVwRskpIg==
  dependencies:
    cross-spawn "^7.0.0"
    signal-exit "^4.0.1"

fs.realpath@^1.0.0:
  version "1.0.0"
  resolved "https://registry.yarnpkg.com/fs.realpath/-/fs.realpath-1.0.0.tgz#1504ad2523158caa40db4a2787cb01411994ea4f"
  integrity sha512-OO0pH2lK6a0hZnAdau5ItzHPI6pUlvI7jMVnxUQRtw4owF2wk8lOSabtGDCTP4Ggrg2MbGnWO9X8K1t4+fGMDw==

get-caller-file@^2.0.5:
  version "2.0.5"
  resolved "https://registry.yarnpkg.com/get-caller-file/-/get-caller-file-2.0.5.tgz#4f94412a82db32f36e3b0b9741f8a97feb031f7e"
  integrity sha512-DyFP3BM/3YHTQOCUL/w0OZHR0lpKeGrxotcHWcqNEdnltqFwXVfhEBQ94eIo34AfQpo0rGki4cyIiftY06h2Fg==

get-stream@^8.0.1:
  version "8.0.1"
  resolved "https://registry.yarnpkg.com/get-stream/-/get-stream-8.0.1.tgz#def9dfd71742cd7754a7761ed43749a27d02eca2"
  integrity sha512-VaUJspBffn/LMCJVoMvSAdmscJyS1auj5Zulnn5UoYcY531UWmdwhRWkcGKnGU93m5HSXP9LP2usOryrBtQowA==

glob@^7.1.4:
  version "7.2.3"
  resolved "https://registry.yarnpkg.com/glob/-/glob-7.2.3.tgz#b8df0fb802bbfa8e89bd1d938b4e16578ed44f2b"
  integrity sha512-nFR0zLpU2YCaRxwoCJvL6UvCH2JFyFVIvwTLsIf21AuHlMskA1hhTdk+LlYJtOlYt9v6dvszD2BGRqBL+iQK9Q==
  dependencies:
    fs.realpath "^1.0.0"
    inflight "^1.0.4"
    inherits "2"
    minimatch "^3.1.1"
    once "^1.3.0"
    path-is-absolute "^1.0.0"

hard-rejection@^2.1.0:
  version "2.1.0"
  resolved "https://registry.yarnpkg.com/hard-rejection/-/hard-rejection-2.1.0.tgz#1c6eda5c1685c63942766d79bb40ae773cecd883"
  integrity sha512-VIZB+ibDhx7ObhAe7OVtoEbuP4h/MuOTHJ+J8h/eBXotJYl0fBgR72xDFCKgIh22OJZIOVNxBMWuhAr10r8HdA==

has-flag@^4.0.0:
  version "4.0.0"
  resolved "https://registry.yarnpkg.com/has-flag/-/has-flag-4.0.0.tgz#944771fd9c81c81265c4d6941860da06bb59479b"
  integrity sha512-EykJT/Q1KjTWctppgIAgfSO0tKVuZUjhgMr17kqTumMl6Afv3EISleU7qZUzoXDFTAHTDC4NOoG/ZxU3EvlMPQ==

html-escaper@^2.0.0:
  version "2.0.2"
  resolved "https://registry.yarnpkg.com/html-escaper/-/html-escaper-2.0.2.tgz#dfd60027da36a36dfcbe236262c00a5822681453"
  integrity sha512-H2iMtd0I4Mt5eYiapRdIDjp+XzelXQ0tFE4JS7YFwFevXXMmOp9myNrUvCg0D6ws8iqkRPBfKHgbwig1SmlLfg==

human-signals@^5.0.0:
  version "5.0.0"
  resolved "https://registry.yarnpkg.com/human-signals/-/human-signals-5.0.0.tgz#42665a284f9ae0dade3ba41ebc37eb4b852f3a28"
  integrity sha512-AXcZb6vzzrFAUE61HnN4mpLqd/cSIwNQjtNWR0euPm6y0iqx3G4gOXaIDdtdDwZmhwe82LA6+zinmW4UBWVePQ==

inflight@^1.0.4:
  version "1.0.6"
  resolved "https://registry.yarnpkg.com/inflight/-/inflight-1.0.6.tgz#49bd6331d7d02d0c09bc910a1075ba8165b56df9"
  integrity sha512-k92I/b08q4wvFscXCLvqfsHCrjrF7yiXsQuIVvVE7N82W3+aqpzuUdBbfhWcy/FZR3/4IgflMgKLOsvPDrGCJA==
  dependencies:
    once "^1.3.0"
    wrappy "1"

inherits@2:
  version "2.0.4"
  resolved "https://registry.yarnpkg.com/inherits/-/inherits-2.0.4.tgz#0fa2c64f932917c3433a0ded55363aae37416b7c"
  integrity sha512-k/vGaX4/Yla3WzyMCvTQOXYeIHvqOKtnqBduzTHpzpQZzAskKMhZ2K+EnBiSM9zGSoIFeMpXKxa4dYeZIQqewQ==

is-fullwidth-code-point@^3.0.0:
  version "3.0.0"
  resolved "https://registry.yarnpkg.com/is-fullwidth-code-point/-/is-fullwidth-code-point-3.0.0.tgz#f116f8064fe90b3f7844a38997c0b75051269f1d"
  integrity sha512-zymm5+u+sCsSWyD9qNaejV3DFvhCKclKdizYaJUuHA83RLjb7nSuGnddCHGv0hk+KY7BMAlsWeK4Ueg6EV6XQg==

is-number@^7.0.0:
  version "7.0.0"
  resolved "https://registry.yarnpkg.com/is-number/-/is-number-7.0.0.tgz#7535345b896734d5f80c4d06c50955527a14f12b"
  integrity sha512-41Cifkg6e8TylSpdtTpeLVMqvSBEVzTttHvERD741+pnZ8ANv0004MRL43QKPDlK9cGvNp6NZWZUBlbGXYxxng==

is-stream@^3.0.0:
  version "3.0.0"
  resolved "https://registry.yarnpkg.com/is-stream/-/is-stream-3.0.0.tgz#e6bfd7aa6bef69f4f472ce9bb681e3e57b4319ac"
  integrity sha512-LnQR4bZ9IADDRSkvpqMGvt/tEJWclzklNgSw48V5EAaAeDd6qGvN8ei6k5p0tvxSR171VmGyHuTiAOfxAbr8kA==

isexe@^2.0.0:
  version "2.0.0"
  resolved "https://registry.yarnpkg.com/isexe/-/isexe-2.0.0.tgz#e8fbf374dc556ff8947a10dcb0572d633f2cfa10"
  integrity sha512-RHxMLp9lnKHGHRng9QFhRCMbYAcVpn69smSGcq3f36xjgVVWThj4qqLbTLlq7Ssj8B+fIQ1EuCEGI2lKsyQeIw==

istanbul-lib-coverage@^3.0.0, istanbul-lib-coverage@^3.2.0:
  version "3.2.2"
  resolved "https://registry.yarnpkg.com/istanbul-lib-coverage/-/istanbul-lib-coverage-3.2.2.tgz#2d166c4b0644d43a39f04bf6c2edd1e585f31756"
  integrity sha512-O8dpsF+r0WV/8MNRKfnmrtCWhuKjxrq2w+jpzBL5UZKTi2LeVWnWOmWRxFlesJONmc+wLAGvKQZEOanko0LFTg==

istanbul-lib-report@^3.0.0, istanbul-lib-report@^3.0.1:
  version "3.0.1"
  resolved "https://registry.yarnpkg.com/istanbul-lib-report/-/istanbul-lib-report-3.0.1.tgz#908305bac9a5bd175ac6a74489eafd0fc2445a7d"
  integrity sha512-GCfE1mtsHGOELCU8e/Z7YWzpmybrx/+dSTfLrvY8qRmaY6zXTKWn6WQIjaAFw069icm6GVMNkgu0NzI4iPZUNw==
  dependencies:
    istanbul-lib-coverage "^3.0.0"
    make-dir "^4.0.0"
    supports-color "^7.1.0"

istanbul-reports@^3.1.6:
  version "3.1.7"
  resolved "https://registry.yarnpkg.com/istanbul-reports/-/istanbul-reports-3.1.7.tgz#daed12b9e1dca518e15c056e1e537e741280fa0b"
  integrity sha512-BewmUXImeuRk2YY0PVbxgKAysvhRPUQE0h5QRM++nVWyubKGV0l8qQ5op8+B2DOmwSe63Jivj0BjkPQVf8fP5g==
  dependencies:
    html-escaper "^2.0.0"
    istanbul-lib-report "^3.0.0"

json-schema-traverse@^1.0.0:
  version "1.0.0"
  resolved "https://registry.yarnpkg.com/json-schema-traverse/-/json-schema-traverse-1.0.0.tgz#ae7bcb3656ab77a73ba5c49bf654f38e6b6860e2"
  integrity sha512-NM8/P9n3XjXhIZn1lLhkFaACTOURQXjWhV4BA/RnOv8xvgqtqpAX9IO4mRQxSx1Rlo4tqzeqb0sOlruaOy3dug==

locate-path@^6.0.0:
  version "6.0.0"
  resolved "https://registry.yarnpkg.com/locate-path/-/locate-path-6.0.0.tgz#55321eb309febbc59c4801d931a72452a681d286"
  integrity sha512-iPZK6eYjbxRu3uB4/WZ3EsEIMJFMqAoopl3R+zuq0UjcAm/MO6KCweDgPfP3elTztoKP3KtnVHxTn2NHBSDVUw==
  dependencies:
    p-locate "^5.0.0"

locate-path@^7.1.0:
  version "7.2.0"
  resolved "https://registry.yarnpkg.com/locate-path/-/locate-path-7.2.0.tgz#69cb1779bd90b35ab1e771e1f2f89a202c2a8a8a"
  integrity sha512-gvVijfZvn7R+2qyPX8mAuKcFGDf6Nc61GdvGafQsHL0sBIxfKzA+usWn4GFC/bk+QdwPUD4kWFJLhElipq+0VA==
  dependencies:
    p-locate "^6.0.0"

lockfile@^1.0.4:
  version "1.0.4"
  resolved "https://registry.yarnpkg.com/lockfile/-/lockfile-1.0.4.tgz#07f819d25ae48f87e538e6578b6964a4981a5609"
  integrity sha512-cvbTwETRfsFh4nHsL1eGWapU1XFi5Ot9E85sWAwia7Y7EgB7vfqcZhTKZ+l7hCGxSPoushMv5GKhT5PdLv03WA==
  dependencies:
    signal-exit "^3.0.2"

lodash.clonedeep@^4.5.0:
  version "4.5.0"
  resolved "https://registry.yarnpkg.com/lodash.clonedeep/-/lodash.clonedeep-4.5.0.tgz#e23f3f9c4f8fbdde872529c1071857a086e5ccef"
  integrity sha512-H5ZhCF25riFd9uB5UCkVKo61m3S/xZk1x4wA6yp/L3RFP6Z/eHH1ymQcGLo7J3GMPfm0V/7m1tryHuGVxpqEBQ==

lodash.truncate@^4.4.2:
  version "4.4.2"
  resolved "https://registry.yarnpkg.com/lodash.truncate/-/lodash.truncate-4.4.2.tgz#5a350da0b1113b837ecfffd5812cbe58d6eae193"
  integrity sha512-jttmRe7bRse52OsWIMDLaXxWqRAmtIUccAQ3garviCqJjafXOfNMO0yMfNpdD6zbGaTU0P5Nz7e7gAT6cKmJRw==

lru-cache@^10.2.2:
  version "10.2.2"
  resolved "https://registry.yarnpkg.com/lru-cache/-/lru-cache-10.2.2.tgz#48206bc114c1252940c41b25b41af5b545aca878"
  integrity sha512-9hp3Vp2/hFQUiIwKo8XCeFVnrg8Pk3TYNPIR7tJADKi5YfcF7vEaK7avFHTlSy3kOKYaJQaalfEo6YuXdceBOQ==

lru-cache@^6.0.0:
  version "6.0.0"
  resolved "https://registry.yarnpkg.com/lru-cache/-/lru-cache-6.0.0.tgz#6d6fe6570ebd96aaf90fcad1dafa3b2566db3a94"
  integrity sha512-Jo6dJ04CmSjuznwJSS3pUeWmd/H0ffTlkXXgwZi+eq1UCmqQwCh+eLsYOYCwY991i2Fah4h1BEMCx4qThGbsiA==
  dependencies:
    yallist "^4.0.0"

make-dir@^4.0.0:
  version "4.0.0"
  resolved "https://registry.yarnpkg.com/make-dir/-/make-dir-4.0.0.tgz#c3c2307a771277cd9638305f915c29ae741b614e"
  integrity sha512-hXdUTZYIVOt1Ex//jAQi+wTZZpUpwBj/0QsOzqegb3rGMMeJiSEu5xLHnYfBrRV4RH2+OCSOO95Is/7x1WJ4bw==
  dependencies:
    semver "^7.5.3"

merge-stream@^2.0.0:
  version "2.0.0"
  resolved "https://registry.yarnpkg.com/merge-stream/-/merge-stream-2.0.0.tgz#52823629a14dd00c9770fb6ad47dc6310f2c1f60"
  integrity sha512-abv/qOcuPfk3URPfDzmZU1LKmuw8kT+0nIHvKrKgFrwifol/doWcdA4ZqsWQ8ENrFKkd67Mfpo/LovbIUsbt3w==

micromatch@^4.0.2:
  version "4.0.5"
  resolved "https://registry.yarnpkg.com/micromatch/-/micromatch-4.0.5.tgz#bc8999a7cbbf77cdc89f132f6e467051b49090c6"
  integrity sha512-DMy+ERcEW2q8Z2Po+WNXuw3c5YaUSFjAO5GsJqfEl7UjvtIuFKO6ZrKvcItdy98dwFI2N1tg3zNIdKaQT+aNdA==
  dependencies:
    braces "^3.0.2"
    picomatch "^2.3.1"

mimic-fn@^4.0.0:
  version "4.0.0"
  resolved "https://registry.yarnpkg.com/mimic-fn/-/mimic-fn-4.0.0.tgz#60a90550d5cb0b239cca65d893b1a53b29871ecc"
  integrity sha512-vqiC06CuhBTUdZH+RYl8sFrL096vA45Ok5ISO6sE/Mr1jRbGH4Csnhi8f3wKVl7x8mO4Au7Ir9D3Oyv1VYMFJw==

minimatch@^3.0.4, minimatch@^3.1.1:
  version "3.1.2"
  resolved "https://registry.yarnpkg.com/minimatch/-/minimatch-3.1.2.tgz#19cd194bfd3e428f049a70817c038d89ab4be35b"
  integrity sha512-J7p63hRiAjw1NDEww1W7i37+ByIrOWO5XQQAzZ3VOcL0PNybwpfmV/N05zFAzwQ9USyEcX6t3UO+K5aqBQOIHw==
  dependencies:
    brace-expansion "^1.1.7"

npm-run-path@^5.1.0:
  version "5.3.0"
  resolved "https://registry.yarnpkg.com/npm-run-path/-/npm-run-path-5.3.0.tgz#e23353d0ebb9317f174e93417e4a4d82d0249e9f"
  integrity sha512-ppwTtiJZq0O/ai0z7yfudtBpWIoxM8yE6nHi1X47eFR2EWORqfbu6CnPlNsjeN683eT0qG6H/Pyf9fCcvjnnnQ==
  dependencies:
    path-key "^4.0.0"

once@^1.3.0:
  version "1.4.0"
  resolved "https://registry.yarnpkg.com/once/-/once-1.4.0.tgz#583b1aa775961d4b113ac17d9c50baef9dd76bd1"
  integrity sha512-lNaJgI+2Q5URQBkccEKHTQOPaXdUxnZZElQTZY0MFUAuaEqe1E+Nyvgdz/aIyNi6Z9MzO5dv1H8n58/GELp3+w==
  dependencies:
    wrappy "1"

onetime@^6.0.0:
  version "6.0.0"
  resolved "https://registry.yarnpkg.com/onetime/-/onetime-6.0.0.tgz#7c24c18ed1fd2e9bca4bd26806a33613c77d34b4"
  integrity sha512-1FlR+gjXK7X+AsAHso35MnyN5KqGwJRi/31ft6x0M194ht7S+rWAvd7PHss9xSKMzE0asv1pyIHaJYq+BbacAQ==
  dependencies:
    mimic-fn "^4.0.0"

p-limit@^3.0.2:
  version "3.1.0"
  resolved "https://registry.yarnpkg.com/p-limit/-/p-limit-3.1.0.tgz#e1daccbe78d0d1388ca18c64fea38e3e57e3706b"
  integrity sha512-TYOanM3wGwNGsZN2cVTYPArw454xnXj5qmWF1bEoAc4+cU/ol7GVh7odevjp1FNHduHc3KZMcFduxU5Xc6uJRQ==
  dependencies:
    yocto-queue "^0.1.0"

p-limit@^4.0.0:
  version "4.0.0"
  resolved "https://registry.yarnpkg.com/p-limit/-/p-limit-4.0.0.tgz#914af6544ed32bfa54670b061cafcbd04984b644"
  integrity sha512-5b0R4txpzjPWVw/cXXUResoD4hb6U/x9BH08L7nw+GN1sezDzPdxeRvpc9c433fZhBan/wusjbCsqwqm4EIBIQ==
  dependencies:
    yocto-queue "^1.0.0"

p-locate@^5.0.0:
  version "5.0.0"
  resolved "https://registry.yarnpkg.com/p-locate/-/p-locate-5.0.0.tgz#83c8315c6785005e3bd021839411c9e110e6d834"
  integrity sha512-LaNjtRWUBY++zB5nE/NwcaoMylSPk+S+ZHNB1TzdbMJMny6dynpAGt7X/tl/QYq3TIeE6nxHppbo2LGymrG5Pw==
  dependencies:
    p-limit "^3.0.2"

p-locate@^6.0.0:
  version "6.0.0"
  resolved "https://registry.yarnpkg.com/p-locate/-/p-locate-6.0.0.tgz#3da9a49d4934b901089dca3302fa65dc5a05c04f"
  integrity sha512-wPrq66Llhl7/4AGC6I+cqxT07LhXvWL08LNXz1fENOw0Ap4sRZZ/gZpTTJ5jpurzzzfS2W/Ge9BY3LgLjCShcw==
  dependencies:
    p-limit "^4.0.0"

p-queue@^8.0.0:
  version "8.0.1"
  resolved "https://registry.yarnpkg.com/p-queue/-/p-queue-8.0.1.tgz#718b7f83836922ef213ddec263ff4223ce70bef8"
  integrity sha512-NXzu9aQJTAzbBqOt2hwsR63ea7yvxJc0PwN/zobNAudYfb1B7R08SzB4TsLeSbUCuG467NhnoT0oO6w1qRO+BA==
  dependencies:
    eventemitter3 "^5.0.1"
    p-timeout "^6.1.2"

p-timeout@^6.1.2:
  version "6.1.2"
  resolved "https://registry.yarnpkg.com/p-timeout/-/p-timeout-6.1.2.tgz#22b8d8a78abf5e103030211c5fc6dee1166a6aa5"
  integrity sha512-UbD77BuZ9Bc9aABo74gfXhNvzC9Tx7SxtHSh1fxvx3jTLLYvmVhiQZZrJzqqU0jKbN32kb5VOKiLEQI/3bIjgQ==

path-exists@^4.0.0:
  version "4.0.0"
  resolved "https://registry.yarnpkg.com/path-exists/-/path-exists-4.0.0.tgz#513bdbe2d3b95d7762e8c1137efa195c6c61b5b3"
  integrity sha512-ak9Qy5Q7jYb2Wwcey5Fpvg2KoAc/ZIhLSLOSBmRmygPsGwkVVt0fZa0qrtMz+m6tJTAHfZQ8FnmB4MG4LWy7/w==

path-exists@^5.0.0:
  version "5.0.0"
  resolved "https://registry.yarnpkg.com/path-exists/-/path-exists-5.0.0.tgz#a6aad9489200b21fab31e49cf09277e5116fb9e7"
  integrity sha512-RjhtfwJOxzcFmNOi6ltcbcu4Iu+FL3zEj83dk4kAS+fVpTxXLO1b38RvJgT/0QwvV/L3aY9TAnyv0EOqW4GoMQ==

path-is-absolute@^1.0.0:
  version "1.0.1"
  resolved "https://registry.yarnpkg.com/path-is-absolute/-/path-is-absolute-1.0.1.tgz#174b9268735534ffbc7ace6bf53a5a9e1b5c5f5f"
  integrity sha512-AVbw3UJ2e9bq64vSaS9Am0fje1Pa8pbGqTTsmXfaIiMpnr5DlDhfJOuLj9Sf95ZPVDAUerDfEk88MPmPe7UCQg==

path-key@^3.1.0:
  version "3.1.1"
  resolved "https://registry.yarnpkg.com/path-key/-/path-key-3.1.1.tgz#581f6ade658cbba65a0d3380de7753295054f375"
  integrity sha512-ojmeN0qd+y0jszEtoY48r0Peq5dwMEkIlCOu6Q5f41lfkswXuKtYrhgoTpLnyIcHm24Uhqx+5Tqm2InSwLhE6Q==

path-key@^4.0.0:
  version "4.0.0"
  resolved "https://registry.yarnpkg.com/path-key/-/path-key-4.0.0.tgz#295588dc3aee64154f877adb9d780b81c554bf18"
  integrity sha512-haREypq7xkM7ErfgIyA0z+Bj4AGKlMSdlQE2jvJo6huWD1EdkKYV+G/T4nq0YEF2vgTT8kqMFKo1uHn950r4SQ==

picomatch@^2.3.1:
  version "2.3.1"
  resolved "https://registry.yarnpkg.com/picomatch/-/picomatch-2.3.1.tgz#3ba3833733646d9d3e4995946c1365a67fb07a42"
  integrity sha512-JU3teHTNjmE2VCGFzuY8EXzCDVwEqB2a8fsIvwaStHhAWJEeVd1o1QD80CU6+ZdEXXSLbSsuLwJjkCBWqRQUVA==

pkg-dir@^7.0.0:
  version "7.0.0"
  resolved "https://registry.yarnpkg.com/pkg-dir/-/pkg-dir-7.0.0.tgz#8f0c08d6df4476756c5ff29b3282d0bab7517d11"
  integrity sha512-Ie9z/WINcxxLp27BKOCHGde4ITq9UklYKDzVo1nhk5sqGEXU3FpkwP5GM2voTGJkGd9B3Otl+Q4uwSOeSUtOBA==
  dependencies:
    find-up "^6.3.0"

promise-coalesce@^1.1.2:
  version "1.1.2"
  resolved "https://registry.yarnpkg.com/promise-coalesce/-/promise-coalesce-1.1.2.tgz#5d3bc4d0b2cf2e41e9df7cbeb6519b2a09459e3d"
  integrity sha512-zLaJ9b8hnC564fnJH6NFSOGZYYdzrAJn2JUUIwzoQb32fG2QAakpDNM+CZo1km6keXkRXRM+hml1BFAPVnPkxg==

punycode@^2.1.0:
  version "2.3.1"
  resolved "https://registry.yarnpkg.com/punycode/-/punycode-2.3.1.tgz#027422e2faec0b25e1549c3e1bd8309b9133b6e5"
  integrity sha512-vYt7UD1U9Wg6138shLtLOvdAu+8DsC/ilFtEVHcH+wydcSpNE20AfSOduf6MkRFahL5FY7X1oU7nKVZFtfq8Fg==

require-directory@^2.1.1:
  version "2.1.1"
  resolved "https://registry.yarnpkg.com/require-directory/-/require-directory-2.1.1.tgz#8c64ad5fd30dab1c976e2344ffe7f792a6a6df42"
  integrity sha512-fGxEI7+wsG9xrvdjsrlmL22OMTTiHRwAMroiEeMgq8gzoLC/PQr7RsRDSTLUg/bZAZtF+TVIkHc6/4RIKrui+Q==

require-from-string@^2.0.2:
  version "2.0.2"
  resolved "https://registry.yarnpkg.com/require-from-string/-/require-from-string-2.0.2.tgz#89a7fdd938261267318eafe14f9c32e598c36909"
  integrity sha512-Xf0nWe6RseziFMu+Ap9biiUbmplq6S9/p+7w7YXP/JBHhrUDDUhwa+vANyubuqfZWTveU//DYVGsDG7RKL/vEw==

semver@^7.5.3:
  version "7.6.0"
  resolved "https://registry.yarnpkg.com/semver/-/semver-7.6.0.tgz#1a46a4db4bffcccd97b743b5005c8325f23d4e2d"
  integrity sha512-EnwXhrlwXMk9gKu5/flx5sv/an57AkRplG3hTK68W7FRDN+k+OWBj65M7719OkA82XLBxrcX0KSHj+X5COhOVg==
  dependencies:
    lru-cache "^6.0.0"

shebang-command@^2.0.0:
  version "2.0.0"
  resolved "https://registry.yarnpkg.com/shebang-command/-/shebang-command-2.0.0.tgz#ccd0af4f8835fbdc265b82461aaf0c36663f34ea"
  integrity sha512-kHxr2zZpYtdmrN1qDjrrX/Z1rR1kG8Dx+gkpK1G4eXmvXswmcE1hTWBWYUzlraYw1/yZp6YuDY77YtvbN0dmDA==
  dependencies:
    shebang-regex "^3.0.0"

shebang-regex@^3.0.0:
  version "3.0.0"
  resolved "https://registry.yarnpkg.com/shebang-regex/-/shebang-regex-3.0.0.tgz#ae16f1644d873ecad843b0307b143362d4c42172"
  integrity sha512-7++dFhtcx3353uBaq8DDR4NuxBetBzC7ZQOhmTQInHEd6bSrXdiEyzCvG07Z44UYdLShWUyXt5M/yhz8ekcb1A==

signal-exit@^3.0.2:
  version "3.0.7"
  resolved "https://registry.yarnpkg.com/signal-exit/-/signal-exit-3.0.7.tgz#a9a1767f8af84155114eaabd73f99273c8f59ad9"
  integrity sha512-wnD2ZE+l+SPC/uoS0vXeE9L1+0wuaMqKlfz9AMUo38JsyLSBWSFcHR1Rri62LZc12vLr1gb3jl7iwQhgwpAbGQ==

signal-exit@^4.0.1, signal-exit@^4.1.0:
  version "4.1.0"
  resolved "https://registry.yarnpkg.com/signal-exit/-/signal-exit-4.1.0.tgz#952188c1cbd546070e2dd20d0f41c0ae0530cb04"
  integrity sha512-bzyZ1e88w9O1iNJbKnOlvYTrWPDl46O1bG0D3XInv+9tkPrxrN8jUUTiFlDkkmKWgn1M6CfIA13SuGqOa9Korw==

slice-ansi@^4.0.0:
  version "4.0.0"
  resolved "https://registry.yarnpkg.com/slice-ansi/-/slice-ansi-4.0.0.tgz#500e8dd0fd55b05815086255b3195adf2a45fe6b"
  integrity sha512-qMCMfhY040cVHT43K9BFygqYbUPFZKHOg7K73mtTWJRb8pyP3fzf4Ixd5SzdEJQ6MRUg/WBnOLxghZtKKurENQ==
  dependencies:
    ansi-styles "^4.0.0"
    astral-regex "^2.0.0"
    is-fullwidth-code-point "^3.0.0"

string-width@^4.1.0, string-width@^4.2.0, string-width@^4.2.3:
  version "4.2.3"
  resolved "https://registry.yarnpkg.com/string-width/-/string-width-4.2.3.tgz#269c7117d27b05ad2e536830a8ec895ef9c6d010"
  integrity sha512-wKyQRQpjJ0sIp62ErSZdGsjMJWsap5oRNihHhu6G7JVO/9jIB6UyevL+tXuOqrng8j/cxKTWyWUwvSTriiZz/g==
  dependencies:
    emoji-regex "^8.0.0"
    is-fullwidth-code-point "^3.0.0"
    strip-ansi "^6.0.1"

strip-ansi@^6.0.0, strip-ansi@^6.0.1:
  version "6.0.1"
  resolved "https://registry.yarnpkg.com/strip-ansi/-/strip-ansi-6.0.1.tgz#9e26c63d30f53443e9489495b2105d37b67a85d9"
  integrity sha512-Y38VPSHcqkFrCpFnQ9vuSXmquuv5oXOKpGeT6aGrr3o3Gc9AlVa6JBfUSOCnbxGGZF+/0ooI7KrPuUSztUdU5A==
  dependencies:
    ansi-regex "^5.0.1"

strip-final-newline@^3.0.0:
  version "3.0.0"
  resolved "https://registry.yarnpkg.com/strip-final-newline/-/strip-final-newline-3.0.0.tgz#52894c313fbff318835280aed60ff71ebf12b8fd"
  integrity sha512-dOESqjYr96iWYylGObzd39EuNTa5VJxyvVAEm5Jnh7KGo75V43Hk1odPQkNDyXNmUR6k+gEiDVXnjB8HJ3crXw==

supports-color@^7.1.0:
  version "7.2.0"
  resolved "https://registry.yarnpkg.com/supports-color/-/supports-color-7.2.0.tgz#1b7dcdcb32b8138801b3e478ba6a51caa89648da"
  integrity sha512-qpCAvRl9stuOHveKsn7HncJRvv501qIacKzQlO/+Lwxc9+0q2wLyv4Dfvt80/DPn2pqOBsJdDiogXGR9+OvwRw==
  dependencies:
    has-flag "^4.0.0"

table@^6.0.0:
  version "6.8.2"
  resolved "https://registry.yarnpkg.com/table/-/table-6.8.2.tgz#c5504ccf201213fa227248bdc8c5569716ac6c58"
  integrity sha512-w2sfv80nrAh2VCbqR5AK27wswXhqcck2AhfnNW76beQXskGZ1V12GwS//yYVa3d3fcvAip2OUnbDAjW2k3v9fA==
  dependencies:
    ajv "^8.0.1"
    lodash.truncate "^4.4.2"
    slice-ansi "^4.0.0"
    string-width "^4.2.3"
    strip-ansi "^6.0.1"

test-exclude@^6.0.0:
  version "6.0.0"
  resolved "https://registry.yarnpkg.com/test-exclude/-/test-exclude-6.0.0.tgz#04a8698661d805ea6fa293b6cb9e63ac044ef15e"
  integrity sha512-cAGWPIyOHU6zlmg88jwm7VRyXnMN7iV68OGAbYDk/Mh/xC/pzVPlQtY6ngoIH/5/tciuhGfvESU8GrHrcxD56w==
  dependencies:
    "@istanbuljs/schema" "^0.1.2"
    glob "^7.1.4"
    minimatch "^3.0.4"

to-regex-range@^5.0.1:
  version "5.0.1"
  resolved "https://registry.yarnpkg.com/to-regex-range/-/to-regex-range-5.0.1.tgz#1648c44aae7c8d988a326018ed72f5b4dd0392e4"
  integrity sha512-65P7iz6X5yEr1cwcgvQxbbIw7Uk3gOy5dIdtZ4rDveLqhrdJP+Li/Hx6tyK0NEb+2GCyneCMJiGqrADCSNk8sQ==
  dependencies:
    is-number "^7.0.0"

uri-js@^4.4.1:
  version "4.4.1"
  resolved "https://registry.yarnpkg.com/uri-js/-/uri-js-4.4.1.tgz#9b1a52595225859e55f669d928f88c6c57f2a77e"
  integrity sha512-7rKUyy33Q1yc98pQ1DAmLtwX109F7TIfWlW1Ydo8Wl1ii1SeHieeh0HHfPeL2fMXK6z0s8ecKs9frCuLJvndBg==
  dependencies:
    punycode "^2.1.0"

v8-to-istanbul@^9.0.0:
  version "9.2.0"
  resolved "https://registry.yarnpkg.com/v8-to-istanbul/-/v8-to-istanbul-9.2.0.tgz#2ed7644a245cddd83d4e087b9b33b3e62dfd10ad"
  integrity sha512-/EH/sDgxU2eGxajKdwLCDmQ4FWq+kpi3uCmBGpw1xJtnAxEjlD8j8PEiGWpCIMIs3ciNAgH0d3TTJiUkYzyZjA==
  dependencies:
    "@jridgewell/trace-mapping" "^0.3.12"
    "@types/istanbul-lib-coverage" "^2.0.1"
    convert-source-map "^2.0.0"

which@^2.0.1:
  version "2.0.2"
  resolved "https://registry.yarnpkg.com/which/-/which-2.0.2.tgz#7c6a8dd0a636a0327e10b59c9286eee93f3f51b1"
  integrity sha512-BLI3Tl1TW3Pvl70l3yq3Y64i+awpwXqsGBYWkkqMtnbXgrMD+yj7rhW0kuEDxzJaYXGjEW5ogapKNMEKNMjibA==
  dependencies:
    isexe "^2.0.0"

wrap-ansi@^7.0.0:
  version "7.0.0"
  resolved "https://registry.yarnpkg.com/wrap-ansi/-/wrap-ansi-7.0.0.tgz#67e145cff510a6a6984bdf1152911d69d2eb9e43"
  integrity sha512-YVGIj2kamLSTxw6NsZjoBxfSwsn0ycdesmc4p+Q21c5zPuZ1pl+NfxVdxPtdHvmNVOQ6XSYG4AUtyt/Fi7D16Q==
  dependencies:
    ansi-styles "^4.0.0"
    string-width "^4.1.0"
    strip-ansi "^6.0.0"

wrappy@1:
  version "1.0.2"
  resolved "https://registry.yarnpkg.com/wrappy/-/wrappy-1.0.2.tgz#b5243d8f3ec1aa35f1364605bc0d1036e30ab69f"
  integrity sha512-l4Sp/DRseor9wL6EvV2+TuQn63dMkPjZ/sp9XkghTEbV9KlPS1xUsZ3u7/IQO4wxtcFB4bgpQPRcR3QCvezPcQ==

y18n@^5.0.5:
  version "5.0.8"
  resolved "https://registry.yarnpkg.com/y18n/-/y18n-5.0.8.tgz#7f4934d0f7ca8c56f95314939ddcd2dd91ce1d55"
  integrity sha512-0pfFzegeDWJHJIAmTLRP2DwHjdF5s7jo9tuztdQxAhINCdvS+3nGINqPd00AphqJR/0LhANUS6/+7SCb98YOfA==

yallist@^4.0.0:
  version "4.0.0"
  resolved "https://registry.yarnpkg.com/yallist/-/yallist-4.0.0.tgz#9bb92790d9c0effec63be73519e11a35019a3a72"
  integrity sha512-3wdGidZyq5PB084XLES5TpOSRA3wjXAlIWMhum2kRcv/41Sn2emQ0dycQW4uZXLejwKvg6EsvbdlVL+FYEct7A==

yargs-parser@^21.1.1:
  version "21.1.1"
  resolved "https://registry.yarnpkg.com/yargs-parser/-/yargs-parser-21.1.1.tgz#9096bceebf990d21bb31fa9516e0ede294a77d35"
  integrity sha512-tVpsJW7DdjecAiFpbIB1e3qxIQsE6NoPc5/eTdrbbIC4h0LVsWhnoa3g+m2HclBIujHzsxZ4VJVA+GUuc2/LBw==

yargs@^17.0.0, yargs@^17.7.2:
  version "17.7.2"
  resolved "https://registry.yarnpkg.com/yargs/-/yargs-17.7.2.tgz#991df39aca675a192b816e1e0363f9d75d2aa269"
  integrity sha512-7dSzzRQ++CKnNI/krKnYRV7JKKPUXMEh61soaHKg9mrWEhzFWhFnxPxGl+69cD1Ou63C13NUPCnmIcrvqCuM6w==
  dependencies:
    cliui "^8.0.1"
    escalade "^3.1.1"
    get-caller-file "^2.0.5"
    require-directory "^2.1.1"
    string-width "^4.2.3"
    y18n "^5.0.5"
    yargs-parser "^21.1.1"

yocto-queue@^0.1.0:
  version "0.1.0"
  resolved "https://registry.yarnpkg.com/yocto-queue/-/yocto-queue-0.1.0.tgz#0294eb3dee05028d31ee1a5fa2c556a6aaf10a1b"
  integrity sha512-rVksvsnNCdJ/ohGc6xgPwyN8eheCxsiLM8mxuE/t/mOVqJewPuO1miLpTHQiRgTKCLexL4MeAFVagts7HmNZ2Q==

yocto-queue@^1.0.0:
  version "1.0.0"
  resolved "https://registry.yarnpkg.com/yocto-queue/-/yocto-queue-1.0.0.tgz#7f816433fb2cbc511ec8bf7d263c3b58a1a3c251"
  integrity sha512-9bnSc/HEW2uRy67wc+T8UwauLuPJVn28jb+GtJY16iiKWyvmYJRXVT4UamsAEGQfPohgr2q4Tq0sQbQlxTfi1g==
